{
  "version": 4,
  "terraform_version": "1.15.3",
  "serial": 17,
  "lineage": "315eaed5-2883-7252-15a0-ac7659dba17e",
  "outputs": {},
  "resources": [
    {
      "mode": "managed",
      "type": "aws_cloudfront_key_group",
      "name": "signed_urls",
      "provider": "provider[\"registry.terraform.io/hashicorp/aws\"]",
      "instances": [
        {
          "schema_version": 0,
          "attributes": {
            "comment": "",
            "etag": "E23ZP02F085DFQ",
            "id": "ab109820-1a21-4b15-950c-e6b1fcfd4342",
            "items": [
              "K1QOB35VVE3M52"
            ],
            "name": "signed-url-key-group"
          },
          "sensitive_attributes": [],
          "identity_schema_version": 0,
          "private": "bnVsbA==",
          "dependencies": [
            "aws_cloudfront_public_key.main"
          ]
        }
      ]
    },
    {
      "mode": "managed",
      "type": "aws_cloudfront_origin_access_control",
      "name": "oac",
      "provider": "provider[\"registry.terraform.io/hashicorp/aws\"]",
      "instances": [
        {
          "schema_version": 0,
          "attributes": {
            "arn": "arn:aws:cloudfront::578209355877:origin-access-control/E34Z2I7SBBO6P5",
            "description": "OAC for private S3 bucket",
            "etag": "ETVPDKIKX0DER",
            "id": "E34Z2I7SBBO6P5",
            "name": "s3-oac",
            "origin_access_control_origin_type": "s3",
            "signing_behavior": "always",
            "signing_protocol": "sigv4"
          },
          "sensitive_attributes": [],
          "identity_schema_version": 0,
          "private": "bnVsbA=="
        }
      ]
    },
    {
      "mode": "managed",
      "type": "aws_cloudfront_public_key",
      "name": "main",
      "provider": "provider[\"registry.terraform.io/hashicorp/aws\"]",
      "instances": [
        {
          "schema_version": 0,
          "attributes": {
            "caller_reference": "terraform-20260518041416669900000001",
            "comment": "Public key for signed URLs",
            "encoded_key": "-----BEGIN PUBLIC KEY-----\nMIIBIjANBgkqhkiG9w0BAQEFAAOCAQ8AMIIBCgKCAQEA612xD1CaC6HLNY/35503\nLSTzPcQ6UODu09TEAs/5ubvAVQcgR9TOmGSBMV7eTAdvq8HCtmx8APEm4GctapxF\nFizyuYcnVi6LCp0HVJ0iQAaEMo9VZHI7HHM6XW357ajXKO9E75j5c6Z9WsILRuoV\n9Wp4HdHvEBzgHw/uMP281oZahT05PdAeUAmMUVX+GtcjlRi32dimA/dElUxHoPDL\nybShERXG9V5GWl/bwWqwHvUCd4JyfTUhObN8ni/ehX+Qc5vCTpA6WtrsQomjqCC8\nhfPvXdyteRkCtM7Qu0oUgHPv1pFShmyw6mbvS+rapYft2vo1nGqI1U6D/aB57omm\nHQIDAQAB\n-----END PUBLIC KEY-----\n",
            "etag": "E23ZP02F085DFQ",
            "id": "K1QOB35VVE3M52",
            "name": "cdn-public-key",
            "name_prefix": ""
          },
          "sensitive_attributes": [],
          "identity_schema_version": 0,
          "private": "bnVsbA=="
        }
      ]
    },
    {
      "mode": "managed",
      "type": "aws_kms_key",
      "name": "s3",
      "provider": "provider[\"registry.terraform.io/hashicorp/aws\"]",
      "instances": [
        {
          "schema_version": 0,
          "attributes": {
            "arn": "arn:aws:kms:us-east-1:578209355877:key/da2f5da6-2e70-40a0-88f1-e49baf700989",
            "bypass_policy_lockout_safety_check": false,
            "custom_key_store_id": "",
            "customer_master_key_spec": "SYMMETRIC_DEFAULT",
            "deletion_window_in_days": null,
            "description": "KMS key for S3 encryption",
            "enable_key_rotation": true,
            "id": "da2f5da6-2e70-40a0-88f1-e49baf700989",
            "is_enabled": true,
            "key_id": "da2f5da6-2e70-40a0-88f1-e49baf700989",
            "key_usage": "ENCRYPT_DECRYPT",
            "multi_region": false,
            "policy": "{\"Id\":\"key-default-1\",\"Statement\":[{\"Action\":\"kms:*\",\"Effect\":\"Allow\",\"Principal\":{\"AWS\":\"arn:aws:iam::578209355877:root\"},\"Resource\":\"*\",\"Sid\":\"Enable IAM User Permissions\"}],\"Version\":\"2012-10-17\"}",
            "region": "us-east-1",
            "rotation_period_in_days": 365,
            "tags": null,
            "tags_all": {},
            "timeouts": null,
            "xks_key_id": ""
          },
          "sensitive_attributes": [],
          "identity_schema_version": 0,
          "identity": {
            "account_id": "578209355877",
            "id": "da2f5da6-2e70-40a0-88f1-e49baf700989",
            "region": "us-east-1"
          },
          "private": "eyJlMmJmYjczMC1lY2FhLTExZTYtOGY4OC0zNDM2M2JjN2M0YzAiOnsiY3JlYXRlIjoxMjAwMDAwMDAwMDB9fQ=="
        }
      ]
    },
    {
      "mode": "managed",
      "type": "aws_s3_bucket",
      "name": "assets",
      "provider": "provider[\"registry.terraform.io/hashicorp/aws\"]",
      "instances": [
        {
          "schema_version": 0,
          "attributes": {
            "acceleration_status": "",
            "acl": null,
            "arn": "arn:aws:s3:::my-private-assets-dev-2026-demo",
            "bucket": "my-private-assets-dev-2026-demo",
            "bucket_domain_name": "my-private-assets-dev-2026-demo.s3.amazonaws.com",
            "bucket_namespace": "global",
            "bucket_prefix": "",
            "bucket_region": "us-east-1",
            "bucket_regional_domain_name": "my-private-assets-dev-2026-demo.s3.us-east-1.amazonaws.com",
            "cors_rule": [],
            "force_destroy": false,
            "grant": [
              {
                "id": "9bd466a238f4b95dc8c6b1c9725af0d7ce633a72f4229e5601503a8eab5084af",
                "permissions": [
                  "FULL_CONTROL"
                ],
                "type": "CanonicalUser",
                "uri": ""
              }
            ],
            "hosted_zone_id": "Z3AQBSTGFYJSTF",
            "id": "my-private-assets-dev-2026-demo",
            "lifecycle_rule": [],
            "logging": [],
            "object_lock_configuration": [],
            "object_lock_enabled": false,
            "policy": "",
            "region": "us-east-1",
            "replication_configuration": [],
            "request_payer": "BucketOwner",
            "server_side_encryption_configuration": [
              {
                "rule": [
                  {
                    "apply_server_side_encryption_by_default": [
                      {
                        "kms_master_key_id": "",
                        "sse_algorithm": "AES256"
                      }
                    ],
                    "bucket_key_enabled": false
                  }
                ]
              }
            ],
            "tags": {},
            "tags_all": {},
            "timeouts": null,
            "versioning": [
              {
                "enabled": false,
                "mfa_delete": false
              }
            ],
            "website": [],
            "website_domain": null,
            "website_endpoint": null
          },
          "sensitive_attributes": [],
          "identity_schema_version": 0,
          "identity": {
            "account_id": "578209355877",
            "bucket": "my-private-assets-dev-2026-demo",
            "region": "us-east-1"
          },
          "private": "eyJlMmJmYjczMC1lY2FhLTExZTYtOGY4OC0zNDM2M2JjN2M0YzAiOnsiY3JlYXRlIjoxMjAwMDAwMDAwMDAwLCJkZWxldGUiOjM2MDAwMDAwMDAwMDAsInJlYWQiOjEyMDAwMDAwMDAwMDAsInVwZGF0ZSI6MTIwMDAwMDAwMDAwMH19"
        }
      ]
    },
    {
      "mode": "managed",
      "type": "aws_s3_bucket_public_access_block",
      "name": "assets",
      "provider": "provider[\"registry.terraform.io/hashicorp/aws\"]",
      "instances": [
        {
          "schema_version": 0,
          "attributes": {
            "block_public_acls": true,
            "block_public_policy": true,
            "bucket": "my-private-assets-dev-2026-demo",
            "id": "my-private-assets-dev-2026-demo",
            "ignore_public_acls": true,
            "region": "us-east-1",
            "restrict_public_buckets": true,
            "skip_destroy": null
          },
          "sensitive_attributes": [],
          "identity_schema_version": 0,
          "identity": {
            "account_id": "578209355877",
            "bucket": "my-private-assets-dev-2026-demo",
            "region": "us-east-1"
          },
          "private": "bnVsbA==",
          "dependencies": [
            "aws_s3_bucket.assets"
          ]
        }
      ]
    },
    {
      "mode": "managed",
      "type": "aws_s3_bucket_server_side_encryption_configuration",
      "name": "assets",
      "provider": "provider[\"registry.terraform.io/hashicorp/aws\"]",
      "instances": [
        {
          "schema_version": 0,
          "attributes": {
            "bucket": "my-private-assets-dev-2026-demo",
            "expected_bucket_owner": "",
            "id": "my-private-assets-dev-2026-demo",
            "region": "us-east-1",
            "rule": [
              {
                "apply_server_side_encryption_by_default": [
                  {
                    "kms_master_key_id": "arn:aws:kms:us-east-1:578209355877:key/da2f5da6-2e70-40a0-88f1-e49baf700989",
                    "sse_algorithm": "aws:kms"
                  }
                ],
                "blocked_encryption_types": [
                  "SSE-C"
                ],
                "bucket_key_enabled": true
              }
            ]
          },
          "sensitive_attributes": [],
          "identity_schema_version": 1,
          "identity": {
            "account_id": "578209355877",
            "bucket": "my-private-assets-dev-2026-demo",
            "region": "us-east-1"
          },
          "private": "bnVsbA==",
          "dependencies": [
            "aws_kms_key.s3",
            "aws_s3_bucket.assets"
          ]
        }
      ]
    }
  ],
  "check_results": null
}
